
Microsoft Visual Studio Solution File, Format Version 12.00
# Visual Studio Version 17
VisualStudioVersion = 17.1.32414.318
MinimumVisualStudioVersion = 10.0.40219.1
Project("{9A19103F-16F7-4668-BE54-9A1E7A4F7556}") = "MinhaApi.Api", ".\MinhaApi.Api\MinhaApi.Api.csproj", "{E510EEE6-031D-4AE0-BFB5-B9666EBBE6BA}"
EndProject
Project("{9A19103F-16F7-4668-BE54-9A1E7A4F7556}") = "MinhaApi.Application", ".\MinhaApi.Application\MinhaApi.Application.csproj", "{2FB2A3F5-A897-4C79-B9F3-D1D31953F966}"
EndProject
Project("{9A19103F-16F7-4668-BE54-9A1E7A4F7556}") = "MinhaApi.Domain", ".\MinhaApi.Domain\MinhaApi.Domain.csproj", "{B7298E9D-EF6A-4CE5-911C-C8A91E7FF471}"
EndProject
Project("{9A19103F-16F7-4668-BE54-9A1E7A4F7556}") = "MinhaApi.Infra.Data", ".\MinhaApi.Infra.Data\MinhaApi.Infra.Data.csproj", "{14C8DAB4-DC9D-4964-A1B2-740DA2519A73}"
EndProject
Project("{9A19103F-16F7-4668-BE54-9A1E7A4F7556}") = "MinhaApi.Infra.IoC", ".\MinhaApi.Infra.IoC\MinhaApi.Infra.IoC.csproj", "{5C5FDA3A-2ADA-485A-8AAA-7D74B8B2DCD2}"
EndProject
Global
	GlobalSection(SolutionConfigurationPlatforms) = preSolution
		Debug|Any CPU = Debug|Any CPU
		Release|Any CPU = Release|Any CPU
	EndGlobalSection
	GlobalSection(ProjectConfigurationPlatforms) = postSolution
		{E510EEE6-031D-4AE0-BFB5-B9666EBBE6BA}.Debug|Any CPU.ActiveCfg = Debug|Any CPU
		{E510EEE6-031D-4AE0-BFB5-B9666EBBE6BA}.Debug|Any CPU.Build.0 = Debug|Any CPU
		{E510EEE6-031D-4AE0-BFB5-B9666EBBE6BA}.Release|Any CPU.ActiveCfg = Release|Any CPU
		{E510EEE6-031D-4AE0-BFB5-B9666EBBE6BA}.Release|Any CPU.Build.0 = Release|Any CPU
		{2FB2A3F5-A897-4C79-B9F3-D1D31953F966}.Debug|Any CPU.ActiveCfg = Debug|Any CPU
		{2FB2A3F5-A897-4C79-B9F3-D1D31953F966}.Debug|Any CPU.Build.0 = Debug|Any CPU
		{2FB2A3F5-A897-4C79-B9F3-D1D31953F966}.Release|Any CPU.ActiveCfg = Release|Any CPU
		{2FB2A3F5-A897-4C79-B9F3-D1D31953F966}.Release|Any CPU.Build.0 = Release|Any CPU
		{B7298E9D-EF6A-4CE5-911C-C8A91E7FF471}.Debug|Any CPU.ActiveCfg = Debug|Any CPU
		{B7298E9D-EF6A-4CE5-911C-C8A91E7FF471}.Debug|Any CPU.Build.0 = Debug|Any CPU
		{B7298E9D-EF6A-4CE5-911C-C8A91E7FF471}.Release|Any CPU.ActiveCfg = Release|Any CPU
		{B7298E9D-EF6A-4CE5-911C-C8A91E7FF471}.Release|Any CPU.Build.0 = Release|Any CPU
		{14C8DAB4-DC9D-4964-A1B2-740DA2519A73}.Debug|Any CPU.ActiveCfg = Debug|Any CPU
		{14C8DAB4-DC9D-4964-A1B2-740DA2519A73}.Debug|Any CPU.Build.0 = Debug|Any CPU
		{14C8DAB4-DC9D-4964-A1B2-740DA2519A73}.Release|Any CPU.ActiveCfg = Release|Any CPU
		{14C8DAB4-DC9D-4964-A1B2-740DA2519A73}.Release|Any CPU.Build.0 = Release|Any CPU
		{5C5FDA3A-2ADA-485A-8AAA-7D74B8B2DCD2}.Debug|Any CPU.ActiveCfg = Debug|Any CPU
		{5C5FDA3A-2ADA-485A-8AAA-7D74B8B2DCD2}.Debug|Any CPU.Build.0 = Debug|Any CPU
		{5C5FDA3A-2ADA-485A-8AAA-7D74B8B2DCD2}.Release|Any CPU.ActiveCfg = Release|Any CPU
		{5C5FDA3A-2ADA-485A-8AAA-7D74B8B2DCD2}.Release|Any CPU.Build.0 = Release|Any CPU
	EndGlobalSection
	GlobalSection(SolutionProperties) = preSolution
		HideSolutionNode = FALSE
	EndGlobalSection
	GlobalSection(ExtensibilityGlobals) = postSolution
		SolutionGuid = {85AD0772-9063-4C1D-B780-AC80D60FBF86}
	EndGlobalSection
EndGlobal
